
Microsoft Visual Studio Solution File, Format Version 12.00
# Visual Studio Version 17
VisualStudioVersion = 17.7.34031.279
MinimumVisualStudioVersion = 10.0.40219.1
Project("{FAE04EC0-301F-11D3-BF4B-00C04F79EFBC}") = "ViewSonic", "ViewSonic\ViewSonic.csproj", "{A08C2205-816D-4F56-B975-681E7BFFEFBC}"
EndProject
Global
	GlobalSection(SolutionConfigurationPlatforms) = preSolution
		Debug|Any CPU = Debug|Any CPU
		Release|Any CPU = Release|Any CPU
	EndGlobalSection
	GlobalSection(ProjectConfigurationPlatforms) = postSolution
		{A08C2205-816D-4F56-B975-681E7BFFEFBC}.Debug|Any CPU.ActiveCfg = Debug|Any CPU
		{A08C2205-816D-4F56-B975-681E7BFFEFBC}.Debug|Any CPU.Build.0 = Debug|Any CPU
		{A08C2205-816D-4F56-B975-681E7BFFEFBC}.Release|Any CPU.ActiveCfg = Release|Any CPU
		{A08C2205-816D-4F56-B975-681E7BFFEFBC}.Release|Any CPU.Build.0 = Release|Any CPU
	EndGlobalSection
	GlobalSection(SolutionProperties) = preSolution
		HideSolutionNode = FALSE
	EndGlobalSection
	GlobalSection(ExtensibilityGlobals) = postSolution
		SolutionGuid = {793496F7-8F3D-4F70-A934-0CF468212B84}
	EndGlobalSection
EndGlobal
